
Microsoft Visual Studio Solution File, Format Version 12.00
# Visual Studio 2013
VisualStudioVersion = 12.0.30110.0
MinimumVisualStudioVersion = 10.0.40219.1
Project("{2150E333-8FDC-42A3-9474-1A3956D46DE8}") = "1- Infrastructure（基础设施层）", "1- Infrastructure（基础设施层）", "{107665A6-166A-4B70-B4B0-2F17651CB60C}"
EndProject
Project("{2150E333-8FDC-42A3-9474-1A3956D46DE8}") = "2- Domain (领域层)", "2- Domain (领域层)", "{285A8068-CEFF-4EB8-88B3-9C5AAA07AD65}"
EndProject
Project("{2150E333-8FDC-42A3-9474-1A3956D46DE8}") = "3- Services (服务实现层)", "3- Services (服务实现层)", "{125940BB-BD43-48DD-BD51-7D97FDEDCE30}"
EndProject
Project("{2150E333-8FDC-42A3-9474-1A3956D46DE8}") = "5- Presentation (展现层)", "5- Presentation (展现层)", "{CD466AE4-F521-4A68-985B-2971DED696FC}"
EndProject
Project("{FAE04EC0-301F-11D3-BF4B-00C04F79EFBC}") = "Platform.Component.Data", "Platform.Component.Data\Platform.Component.Data.csproj", "{73951B6E-6945-4313-A79C-841A7498A8D8}"
EndProject
Project("{FAE04EC0-301F-11D3-BF4B-00C04F79EFBC}") = "Platform.Component.Tools", "Platform.Component.Tools\Platform.Component.Tools.csproj", "{F9099D0B-C554-44EB-B924-050C711F45C9}"
EndProject
Project("{FAE04EC0-301F-11D3-BF4B-00C04F79EFBC}") = "Platform.Account.Data", "Platform.Account.Data\Platform.Account.Data.csproj", "{A2210340-BE12-49EB-BE51-379C5BC21015}"
EndProject
Project("{FAE04EC0-301F-11D3-BF4B-00C04F79EFBC}") = "Platform.OA.Data", "Platform.OA.Data\Platform.OA.Data.csproj", "{FA3FE5B0-E54F-4D6E-9955-A5B0B2CB0222}"
EndProject
Project("{FAE04EC0-301F-11D3-BF4B-00C04F79EFBC}") = "Platform.Crm.Data", "Platform.Crm.Data\Platform.Crm.Data.csproj", "{D2FEC0DB-2CB7-44F5-AD56-28FBDAF87E56}"
EndProject
Project("{FAE04EC0-301F-11D3-BF4B-00C04F79EFBC}") = "Platform.Account.Dtos", "Platform.Account.Dtos\Platform.Account.Dtos.csproj", "{AFB1E185-91DB-42B5-959C-9A529F33239B}"
EndProject
Project("{FAE04EC0-301F-11D3-BF4B-00C04F79EFBC}") = "Platform.Crm.Dtos", "Platform.Crm.Dtos\Platform.Crm.Dtos.csproj", "{43C93E22-72DB-4933-B10C-8EE88D048D89}"
EndProject
Project("{FAE04EC0-301F-11D3-BF4B-00C04F79EFBC}") = "Platform.OA.Dtos", "Platform.OA.Dtos\Platform.OA.Dtos.csproj", "{B5FC6B01-5612-4630-B465-E400BFEA0075}"
EndProject
Project("{FAE04EC0-301F-11D3-BF4B-00C04F79EFBC}") = "Platform.Web", "Platform.Web\Platform.Web.csproj", "{1EF1B594-4A14-4491-A5AC-D805B838CF16}"
EndProject
Project("{FAE04EC0-301F-11D3-BF4B-00C04F79EFBC}") = "Platform.Account.IServices", "Platform.Account.IServices\Platform.Account.IServices.csproj", "{EA37DFD8-228C-4279-9ABA-32786E274DB3}"
EndProject
Project("{FAE04EC0-301F-11D3-BF4B-00C04F79EFBC}") = "Platform.Account.Services", "Platform.Account.Services\Platform.Account.Services.csproj", "{63A45642-892B-4F28-8D40-978D3D24B3D9}"
EndProject
Project("{FAE04EC0-301F-11D3-BF4B-00C04F79EFBC}") = "Platform.Crm.IServices", "Platform.Crm.IServices\Platform.Crm.IServices.csproj", "{9EC384AB-31AD-422B-BB19-87503111DB2D}"
EndProject
Project("{FAE04EC0-301F-11D3-BF4B-00C04F79EFBC}") = "Platform.Crm.Services", "Platform.Crm.Services\Platform.Crm.Services.csproj", "{BC8A89FA-5256-465C-8BD2-FCD05383E397}"
EndProject
Project("{FAE04EC0-301F-11D3-BF4B-00C04F79EFBC}") = "Platform.OA.IServices", "Platform.OA.IServices\Platform.OA.IServices.csproj", "{62F1A601-5513-4A10-88EB-161A07FFF4CB}"
EndProject
Project("{FAE04EC0-301F-11D3-BF4B-00C04F79EFBC}") = "Platform.OA.Services", "Platform.OA.Services\Platform.OA.Services.csproj", "{406362EF-91C0-4B86-9B83-D2068E8F0753}"
EndProject
Project("{2150E333-8FDC-42A3-9474-1A3956D46DE8}") = "0- 说明", "0- 说明", "{59E705A5-4487-4DFB-9BAD-9845F39A5049}"
	ProjectSection(SolutionItems) = preProject
		数据库迁移.txt = 数据库迁移.txt
	EndProjectSection
EndProject
Project("{2150E333-8FDC-42A3-9474-1A3956D46DE8}") = "4- IServices（服务接口层）", "4- IServices（服务接口层）", "{0D42F150-A172-409D-8946-D39610F37FD9}"
EndProject
Project("{FAE04EC0-301F-11D3-BF4B-00C04F79EFBC}") = "Lzw.Common", "Lzw.Common\Lzw.Common.csproj", "{A809F511-26B8-4463-BE22-409FA71945E8}"
EndProject
Global
	GlobalSection(SolutionConfigurationPlatforms) = preSolution
		Debug|Any CPU = Debug|Any CPU
		Release|Any CPU = Release|Any CPU
	EndGlobalSection
	GlobalSection(ProjectConfigurationPlatforms) = postSolution
		{73951B6E-6945-4313-A79C-841A7498A8D8}.Debug|Any CPU.ActiveCfg = Debug|Any CPU
		{73951B6E-6945-4313-A79C-841A7498A8D8}.Debug|Any CPU.Build.0 = Debug|Any CPU
		{73951B6E-6945-4313-A79C-841A7498A8D8}.Release|Any CPU.ActiveCfg = Release|Any CPU
		{73951B6E-6945-4313-A79C-841A7498A8D8}.Release|Any CPU.Build.0 = Release|Any CPU
		{F9099D0B-C554-44EB-B924-050C711F45C9}.Debug|Any CPU.ActiveCfg = Debug|Any CPU
		{F9099D0B-C554-44EB-B924-050C711F45C9}.Debug|Any CPU.Build.0 = Debug|Any CPU
		{F9099D0B-C554-44EB-B924-050C711F45C9}.Release|Any CPU.ActiveCfg = Release|Any CPU
		{F9099D0B-C554-44EB-B924-050C711F45C9}.Release|Any CPU.Build.0 = Release|Any CPU
		{A2210340-BE12-49EB-BE51-379C5BC21015}.Debug|Any CPU.ActiveCfg = Debug|Any CPU
		{A2210340-BE12-49EB-BE51-379C5BC21015}.Debug|Any CPU.Build.0 = Debug|Any CPU
		{A2210340-BE12-49EB-BE51-379C5BC21015}.Release|Any CPU.ActiveCfg = Release|Any CPU
		{A2210340-BE12-49EB-BE51-379C5BC21015}.Release|Any CPU.Build.0 = Release|Any CPU
		{FA3FE5B0-E54F-4D6E-9955-A5B0B2CB0222}.Debug|Any CPU.ActiveCfg = Debug|Any CPU
		{FA3FE5B0-E54F-4D6E-9955-A5B0B2CB0222}.Debug|Any CPU.Build.0 = Debug|Any CPU
		{FA3FE5B0-E54F-4D6E-9955-A5B0B2CB0222}.Release|Any CPU.ActiveCfg = Release|Any CPU
		{FA3FE5B0-E54F-4D6E-9955-A5B0B2CB0222}.Release|Any CPU.Build.0 = Release|Any CPU
		{D2FEC0DB-2CB7-44F5-AD56-28FBDAF87E56}.Debug|Any CPU.ActiveCfg = Debug|Any CPU
		{D2FEC0DB-2CB7-44F5-AD56-28FBDAF87E56}.Debug|Any CPU.Build.0 = Debug|Any CPU
		{D2FEC0DB-2CB7-44F5-AD56-28FBDAF87E56}.Release|Any CPU.ActiveCfg = Release|Any CPU
		{D2FEC0DB-2CB7-44F5-AD56-28FBDAF87E56}.Release|Any CPU.Build.0 = Release|Any CPU
		{AFB1E185-91DB-42B5-959C-9A529F33239B}.Debug|Any CPU.ActiveCfg = Debug|Any CPU
		{AFB1E185-91DB-42B5-959C-9A529F33239B}.Debug|Any CPU.Build.0 = Debug|Any CPU
		{AFB1E185-91DB-42B5-959C-9A529F33239B}.Release|Any CPU.ActiveCfg = Release|Any CPU
		{AFB1E185-91DB-42B5-959C-9A529F33239B}.Release|Any CPU.Build.0 = Release|Any CPU
		{43C93E22-72DB-4933-B10C-8EE88D048D89}.Debug|Any CPU.ActiveCfg = Debug|Any CPU
		{43C93E22-72DB-4933-B10C-8EE88D048D89}.Debug|Any CPU.Build.0 = Debug|Any CPU
		{43C93E22-72DB-4933-B10C-8EE88D048D89}.Release|Any CPU.ActiveCfg = Release|Any CPU
		{43C93E22-72DB-4933-B10C-8EE88D048D89}.Release|Any CPU.Build.0 = Release|Any CPU
		{B5FC6B01-5612-4630-B465-E400BFEA0075}.Debug|Any CPU.ActiveCfg = Debug|Any CPU
		{B5FC6B01-5612-4630-B465-E400BFEA0075}.Debug|Any CPU.Build.0 = Debug|Any CPU
		{B5FC6B01-5612-4630-B465-E400BFEA0075}.Release|Any CPU.ActiveCfg = Release|Any CPU
		{B5FC6B01-5612-4630-B465-E400BFEA0075}.Release|Any CPU.Build.0 = Release|Any CPU
		{1EF1B594-4A14-4491-A5AC-D805B838CF16}.Debug|Any CPU.ActiveCfg = Debug|Any CPU
		{1EF1B594-4A14-4491-A5AC-D805B838CF16}.Debug|Any CPU.Build.0 = Debug|Any CPU
		{1EF1B594-4A14-4491-A5AC-D805B838CF16}.Release|Any CPU.ActiveCfg = Release|Any CPU
		{1EF1B594-4A14-4491-A5AC-D805B838CF16}.Release|Any CPU.Build.0 = Release|Any CPU
		{EA37DFD8-228C-4279-9ABA-32786E274DB3}.Debug|Any CPU.ActiveCfg = Debug|Any CPU
		{EA37DFD8-228C-4279-9ABA-32786E274DB3}.Debug|Any CPU.Build.0 = Debug|Any CPU
		{EA37DFD8-228C-4279-9ABA-32786E274DB3}.Release|Any CPU.ActiveCfg = Release|Any CPU
		{EA37DFD8-228C-4279-9ABA-32786E274DB3}.Release|Any CPU.Build.0 = Release|Any CPU
		{63A45642-892B-4F28-8D40-978D3D24B3D9}.Debug|Any CPU.ActiveCfg = Debug|Any CPU
		{63A45642-892B-4F28-8D40-978D3D24B3D9}.Debug|Any CPU.Build.0 = Debug|Any CPU
		{63A45642-892B-4F28-8D40-978D3D24B3D9}.Release|Any CPU.ActiveCfg = Release|Any CPU
		{63A45642-892B-4F28-8D40-978D3D24B3D9}.Release|Any CPU.Build.0 = Release|Any CPU
		{9EC384AB-31AD-422B-BB19-87503111DB2D}.Debug|Any CPU.ActiveCfg = Debug|Any CPU
		{9EC384AB-31AD-422B-BB19-87503111DB2D}.Debug|Any CPU.Build.0 = Debug|Any CPU
		{9EC384AB-31AD-422B-BB19-87503111DB2D}.Release|Any CPU.ActiveCfg = Release|Any CPU
		{9EC384AB-31AD-422B-BB19-87503111DB2D}.Release|Any CPU.Build.0 = Release|Any CPU
		{BC8A89FA-5256-465C-8BD2-FCD05383E397}.Debug|Any CPU.ActiveCfg = Debug|Any CPU
		{BC8A89FA-5256-465C-8BD2-FCD05383E397}.Debug|Any CPU.Build.0 = Debug|Any CPU
		{BC8A89FA-5256-465C-8BD2-FCD05383E397}.Release|Any CPU.ActiveCfg = Release|Any CPU
		{BC8A89FA-5256-465C-8BD2-FCD05383E397}.Release|Any CPU.Build.0 = Release|Any CPU
		{62F1A601-5513-4A10-88EB-161A07FFF4CB}.Debug|Any CPU.ActiveCfg = Debug|Any CPU
		{62F1A601-5513-4A10-88EB-161A07FFF4CB}.Debug|Any CPU.Build.0 = Debug|Any CPU
		{62F1A601-5513-4A10-88EB-161A07FFF4CB}.Release|Any CPU.ActiveCfg = Release|Any CPU
		{62F1A601-5513-4A10-88EB-161A07FFF4CB}.Release|Any CPU.Build.0 = Release|Any CPU
		{406362EF-91C0-4B86-9B83-D2068E8F0753}.Debug|Any CPU.ActiveCfg = Debug|Any CPU
		{406362EF-91C0-4B86-9B83-D2068E8F0753}.Debug|Any CPU.Build.0 = Debug|Any CPU
		{406362EF-91C0-4B86-9B83-D2068E8F0753}.Release|Any CPU.ActiveCfg = Release|Any CPU
		{406362EF-91C0-4B86-9B83-D2068E8F0753}.Release|Any CPU.Build.0 = Release|Any CPU
		{A809F511-26B8-4463-BE22-409FA71945E8}.Debug|Any CPU.ActiveCfg = Debug|Any CPU
		{A809F511-26B8-4463-BE22-409FA71945E8}.Debug|Any CPU.Build.0 = Debug|Any CPU
		{A809F511-26B8-4463-BE22-409FA71945E8}.Release|Any CPU.ActiveCfg = Release|Any CPU
		{A809F511-26B8-4463-BE22-409FA71945E8}.Release|Any CPU.Build.0 = Release|Any CPU
	EndGlobalSection
	GlobalSection(SolutionProperties) = preSolution
		HideSolutionNode = FALSE
	EndGlobalSection
	GlobalSection(NestedProjects) = preSolution
		{73951B6E-6945-4313-A79C-841A7498A8D8} = {107665A6-166A-4B70-B4B0-2F17651CB60C}
		{F9099D0B-C554-44EB-B924-050C711F45C9} = {107665A6-166A-4B70-B4B0-2F17651CB60C}
		{A809F511-26B8-4463-BE22-409FA71945E8} = {107665A6-166A-4B70-B4B0-2F17651CB60C}
		{A2210340-BE12-49EB-BE51-379C5BC21015} = {285A8068-CEFF-4EB8-88B3-9C5AAA07AD65}
		{FA3FE5B0-E54F-4D6E-9955-A5B0B2CB0222} = {285A8068-CEFF-4EB8-88B3-9C5AAA07AD65}
		{D2FEC0DB-2CB7-44F5-AD56-28FBDAF87E56} = {285A8068-CEFF-4EB8-88B3-9C5AAA07AD65}
		{63A45642-892B-4F28-8D40-978D3D24B3D9} = {125940BB-BD43-48DD-BD51-7D97FDEDCE30}
		{BC8A89FA-5256-465C-8BD2-FCD05383E397} = {125940BB-BD43-48DD-BD51-7D97FDEDCE30}
		{406362EF-91C0-4B86-9B83-D2068E8F0753} = {125940BB-BD43-48DD-BD51-7D97FDEDCE30}
		{1EF1B594-4A14-4491-A5AC-D805B838CF16} = {CD466AE4-F521-4A68-985B-2971DED696FC}
		{43C93E22-72DB-4933-B10C-8EE88D048D89} = {0D42F150-A172-409D-8946-D39610F37FD9}
		{B5FC6B01-5612-4630-B465-E400BFEA0075} = {0D42F150-A172-409D-8946-D39610F37FD9}
		{EA37DFD8-228C-4279-9ABA-32786E274DB3} = {0D42F150-A172-409D-8946-D39610F37FD9}
		{9EC384AB-31AD-422B-BB19-87503111DB2D} = {0D42F150-A172-409D-8946-D39610F37FD9}
		{62F1A601-5513-4A10-88EB-161A07FFF4CB} = {0D42F150-A172-409D-8946-D39610F37FD9}
		{AFB1E185-91DB-42B5-959C-9A529F33239B} = {0D42F150-A172-409D-8946-D39610F37FD9}
	EndGlobalSection
EndGlobal
